
Microsoft Visual Studio Solution File, Format Version 12.00
# Visual Studio Version 17
VisualStudioVersion = 17.3.32929.385
MinimumVisualStudioVersion = 10.0.40219.1
Project("{FAE04EC0-301F-11D3-BF4B-00C04F79EFBC}") = "Merchant.Api", "Merchant.Api\Merchant.Api.csproj", "{A9E1CC04-64A6-466F-A454-0328CDA81FBF}"
EndProject
Global
	GlobalSection(SolutionConfigurationPlatforms) = preSolution
		Debug|Any CPU = Debug|Any CPU
		Release|Any CPU = Release|Any CPU
	EndGlobalSection
	GlobalSection(ProjectConfigurationPlatforms) = postSolution
		{A9E1CC04-64A6-466F-A454-0328CDA81FBF}.Debug|Any CPU.ActiveCfg = Debug|Any CPU
		{A9E1CC04-64A6-466F-A454-0328CDA81FBF}.Debug|Any CPU.Build.0 = Debug|Any CPU
		{A9E1CC04-64A6-466F-A454-0328CDA81FBF}.Release|Any CPU.ActiveCfg = Release|Any CPU
		{A9E1CC04-64A6-466F-A454-0328CDA81FBF}.Release|Any CPU.Build.0 = Release|Any CPU
	EndGlobalSection
	GlobalSection(SolutionProperties) = preSolution
		HideSolutionNode = FALSE
	EndGlobalSection
	GlobalSection(ExtensibilityGlobals) = postSolution
		SolutionGuid = {B614B42D-DE54-4146-A86A-07754A1CFB46}
	EndGlobalSection
EndGlobal
