
Microsoft Visual Studio Solution File, Format Version 12.00
# Visual Studio Version 17
VisualStudioVersion = 17.0.31717.71
MinimumVisualStudioVersion = 10.0.40219.1
Project("{9A19103F-16F7-4668-BE54-9A1E7A4F7556}") = "AdminBlazor", "AdminBlazor.csproj", "{0DC9772E-C616-4923-8813-84B82E0574C0}"
EndProject
Global
	GlobalSection(SolutionConfigurationPlatforms) = preSolution
		Debug|Any CPU = Debug|Any CPU
		Release|Any CPU = Release|Any CPU
	EndGlobalSection
	GlobalSection(ProjectConfigurationPlatforms) = postSolution
		{0DC9772E-C616-4923-8813-84B82E0574C0}.Debug|Any CPU.ActiveCfg = Debug|Any CPU
		{0DC9772E-C616-4923-8813-84B82E0574C0}.Debug|Any CPU.Build.0 = Debug|Any CPU
		{0DC9772E-C616-4923-8813-84B82E0574C0}.Release|Any CPU.ActiveCfg = Release|Any CPU
		{0DC9772E-C616-4923-8813-84B82E0574C0}.Release|Any CPU.Build.0 = Release|Any CPU
	EndGlobalSection
	GlobalSection(SolutionProperties) = preSolution
		HideSolutionNode = FALSE
	EndGlobalSection
	GlobalSection(ExtensibilityGlobals) = postSolution
		SolutionGuid = {2981A68F-B2AA-4FC8-A773-518B10A7890C}
	EndGlobalSection
EndGlobal