
Microsoft Visual Studio Solution File, Format Version 12.00
# Visual Studio Version 17
VisualStudioVersion = 17.3.32929.385
MinimumVisualStudioVersion = 10.0.40219.1
Project("{9A19103F-16F7-4668-BE54-9A1E7A4F7556}") = "Contract.Api", "Contract.Api\Contract.Api.csproj", "{AAFE1992-4A00-409F-8207-AAA396721B37}"
EndProject
Project("{FAE04EC0-301F-11D3-BF4B-00C04F79EFBC}") = "ContractApi.Test", "ContractApi.Test\ContractApi.Test.csproj", "{1C432357-33F9-4D24-8D33-406969F072E1}"
EndProject
Global
	GlobalSection(SolutionConfigurationPlatforms) = preSolution
		Debug|Any CPU = Debug|Any CPU
		Release|Any CPU = Release|Any CPU
	EndGlobalSection
	GlobalSection(ProjectConfigurationPlatforms) = postSolution
		{AAFE1992-4A00-409F-8207-AAA396721B37}.Debug|Any CPU.ActiveCfg = Debug|Any CPU
		{AAFE1992-4A00-409F-8207-AAA396721B37}.Debug|Any CPU.Build.0 = Debug|Any CPU
		{AAFE1992-4A00-409F-8207-AAA396721B37}.Release|Any CPU.ActiveCfg = Release|Any CPU
		{AAFE1992-4A00-409F-8207-AAA396721B37}.Release|Any CPU.Build.0 = Release|Any CPU
		{1C432357-33F9-4D24-8D33-406969F072E1}.Debug|Any CPU.ActiveCfg = Debug|Any CPU
		{1C432357-33F9-4D24-8D33-406969F072E1}.Debug|Any CPU.Build.0 = Debug|Any CPU
		{1C432357-33F9-4D24-8D33-406969F072E1}.Release|Any CPU.ActiveCfg = Release|Any CPU
		{1C432357-33F9-4D24-8D33-406969F072E1}.Release|Any CPU.Build.0 = Release|Any CPU
	EndGlobalSection
	GlobalSection(SolutionProperties) = preSolution
		HideSolutionNode = FALSE
	EndGlobalSection
	GlobalSection(ExtensibilityGlobals) = postSolution
		SolutionGuid = {5FAF6553-F74C-474C-9377-B4629DABC57F}
	EndGlobalSection
EndGlobal
