
Microsoft Visual Studio Solution File, Format Version 12.00
# Visual Studio Version 16
VisualStudioVersion = 25.0.1704.3
MinimumVisualStudioVersion = 10.0.40219.1
Project("{FAE04EC0-301F-11D3-BF4B-00C04F79EFBC}") = "Dashboard.Blazor", "Dashboard.Blazor.csproj", "{DCD56FDB-1733-46FD-92A2-920914EEB17F}"
EndProject
Global
	GlobalSection(SolutionConfigurationPlatforms) = preSolution
		Debug|Any CPU = Debug|Any CPU
		Release|Any CPU = Release|Any CPU
	EndGlobalSection
	GlobalSection(ProjectConfigurationPlatforms) = postSolution
		{DCD56FDB-1733-46FD-92A2-920914EEB17F}.Debug|Any CPU.ActiveCfg = Debug|Any CPU
		{DCD56FDB-1733-46FD-92A2-920914EEB17F}.Debug|Any CPU.Build.0 = Debug|Any CPU
		{DCD56FDB-1733-46FD-92A2-920914EEB17F}.Release|Any CPU.ActiveCfg = Release|Any CPU
		{DCD56FDB-1733-46FD-92A2-920914EEB17F}.Release|Any CPU.Build.0 = Release|Any CPU
	EndGlobalSection
	GlobalSection(SolutionProperties) = preSolution
		HideSolutionNode = FALSE
	EndGlobalSection
	GlobalSection(ExtensibilityGlobals) = postSolution
		SolutionGuid = {972ED066-F6B7-4F05-BDE4-5D6ADE8ED04D}
	EndGlobalSection
EndGlobal
