
Microsoft Visual Studio Solution File, Format Version 12.00
# Visual Studio Version 17
VisualStudioVersion = 17.4.33205.214
MinimumVisualStudioVersion = 10.0.40219.1
Project("{9A19103F-16F7-4668-BE54-9A1E7A4F7556}") = "Cart.Api", "Cart.Api\Cart.Api.csproj", "{7F0E6FAA-A232-419F-BC7B-1FC18ED33CA8}"
EndProject
Global
	GlobalSection(SolutionConfigurationPlatforms) = preSolution
		Debug|Any CPU = Debug|Any CPU
		Release|Any CPU = Release|Any CPU
	EndGlobalSection
	GlobalSection(ProjectConfigurationPlatforms) = postSolution
		{7F0E6FAA-A232-419F-BC7B-1FC18ED33CA8}.Debug|Any CPU.ActiveCfg = Debug|Any CPU
		{7F0E6FAA-A232-419F-BC7B-1FC18ED33CA8}.Debug|Any CPU.Build.0 = Debug|Any CPU
		{7F0E6FAA-A232-419F-BC7B-1FC18ED33CA8}.Release|Any CPU.ActiveCfg = Release|Any CPU
		{7F0E6FAA-A232-419F-BC7B-1FC18ED33CA8}.Release|Any CPU.Build.0 = Release|Any CPU
	EndGlobalSection
	GlobalSection(SolutionProperties) = preSolution
		HideSolutionNode = FALSE
	EndGlobalSection
	GlobalSection(ExtensibilityGlobals) = postSolution
		SolutionGuid = {302D5DA5-3EEA-47F4-A081-6DDB2D0CE22E}
	EndGlobalSection
EndGlobal
